
Microsoft Visual Studio Solution File, Format Version 12.00
# Visual Studio Version 16
VisualStudioVersion = 16.0.30907.101
MinimumVisualStudioVersion = 10.0.40219.1
Project("{FAE04EC0-301F-11D3-BF4B-00C04F79EFBC}") = "Prime Numbers", "Prime Numbers\Prime Numbers.csproj", "{7448B37D-DC7F-491E-8586-E0B6F30DD06A}"
EndProject
Global
	GlobalSection(SolutionConfigurationPlatforms) = preSolution
		Debug|Any CPU = Debug|Any CPU
		Release|Any CPU = Release|Any CPU
	EndGlobalSection
	GlobalSection(ProjectConfigurationPlatforms) = postSolution
		{7448B37D-DC7F-491E-8586-E0B6F30DD06A}.Debug|Any CPU.ActiveCfg = Debug|Any CPU
		{7448B37D-DC7F-491E-8586-E0B6F30DD06A}.Debug|Any CPU.Build.0 = Debug|Any CPU
		{7448B37D-DC7F-491E-8586-E0B6F30DD06A}.Release|Any CPU.ActiveCfg = Release|Any CPU
		{7448B37D-DC7F-491E-8586-E0B6F30DD06A}.Release|Any CPU.Build.0 = Release|Any CPU
	EndGlobalSection
	GlobalSection(SolutionProperties) = preSolution
		HideSolutionNode = FALSE
	EndGlobalSection
	GlobalSection(ExtensibilityGlobals) = postSolution
		SolutionGuid = {1BEB274B-FC86-4FCE-B795-DE1D12616D9E}
	EndGlobalSection
EndGlobal
